// !$*UTF8*$!
{
	archiveVersion = 1;
	classes = {
	};
	objectVersion = 46;
	objects = {

/* Begin PBXBuildFile section */
		550E6E0F188751BF001C5FC0 /* MissedPickupsViewController.m in Sources */ = {isa = PBXBuildFile; fileRef = 550E6E0E188751BF001C5FC0 /* MissedPickupsViewController.m */; };
		550E6E121887567E001C5FC0 /* GeneralRequestViewController.m in Sources */ = {isa = PBXBuildFile; fileRef = 550E6E111887567E001C5FC0 /* GeneralRequestViewController.m */; };
		552264F4187F7227007A251F /* Foundation.framework in Frameworks */ = {isa = PBXBuildFile; fileRef = 552264F3187F7227007A251F /* Foundation.framework */; };
		552264F6187F7227007A251F /* CoreGraphics.framework in Frameworks */ = {isa = PBXBuildFile; fileRef = 552264F5187F7227007A251F /* CoreGraphics.framework */; };
		552264F8187F7227007A251F /* UIKit.framework in Frameworks */ = {isa = PBXBuildFile; fileRef = 552264F7187F7227007A251F /* UIKit.framework */; };
		552264FE187F7227007A251F /* InfoPlist.strings in Resources */ = {isa = PBXBuildFile; fileRef = 552264FC187F7227007A251F /* InfoPlist.strings */; };
		55226500187F7227007A251F /* main.m in Sources */ = {isa = PBXBuildFile; fileRef = 552264FF187F7227007A251F /* main.m */; };
		55226504187F7227007A251F /* CityAppDelegate.m in Sources */ = {isa = PBXBuildFile; fileRef = 55226503187F7227007A251F /* CityAppDelegate.m */; };
		55226507187F7227007A251F /* Main.storyboard in Resources */ = {isa = PBXBuildFile; fileRef = 55226505187F7227007A251F /* Main.storyboard */; };
		5522650A187F7227007A251F /* CityFirstViewController.m in Sources */ = {isa = PBXBuildFile; fileRef = 55226509187F7227007A251F /* CityFirstViewController.m */; };
		5522650F187F7227007A251F /* Images.xcassets in Resources */ = {isa = PBXBuildFile; fileRef = 5522650E187F7227007A251F /* Images.xcassets */; };
		55226516187F7228007A251F /* XCTest.framework in Frameworks */ = {isa = PBXBuildFile; fileRef = 55226515187F7228007A251F /* XCTest.framework */; };
		55226517187F7228007A251F /* Foundation.framework in Frameworks */ = {isa = PBXBuildFile; fileRef = 552264F3187F7227007A251F /* Foundation.framework */; };
		55226518187F7228007A251F /* UIKit.framework in Frameworks */ = {isa = PBXBuildFile; fileRef = 552264F7187F7227007A251F /* UIKit.framework */; };
		55226520187F7228007A251F /* InfoPlist.strings in Resources */ = {isa = PBXBuildFile; fileRef = 5522651E187F7228007A251F /* InfoPlist.strings */; };
		55226522187F7228007A251F /* City_311Tests.m in Sources */ = {isa = PBXBuildFile; fileRef = 55226521187F7228007A251F /* City_311Tests.m */; };
		55226530187F745F007A251F /* EZ-parking-meter.jpg in Resources */ = {isa = PBXBuildFile; fileRef = 5522652C187F745F007A251F /* EZ-parking-meter.jpg */; };
		55226531187F745F007A251F /* carnard.jpg in Resources */ = {isa = PBXBuildFile; fileRef = 5522652D187F745F007A251F /* carnard.jpg */; };
		55226532187F745F007A251F /* pick-ups.jpg in Resources */ = {isa = PBXBuildFile; fileRef = 5522652E187F745F007A251F /* pick-ups.jpg */; };
		55226533187F745F007A251F /* parking-meters.jpg in Resources */ = {isa = PBXBuildFile; fileRef = 5522652F187F745F007A251F /* parking-meters.jpg */; };
		5526EA1E18A757AB000610D8 /* UserInfoManager.m in Sources */ = {isa = PBXBuildFile; fileRef = 5526EA1D18A757AB000610D8 /* UserInfoManager.m */; };
		5529A4311891D022006C5381 /* dumping.jpg in Resources */ = {isa = PBXBuildFile; fileRef = 5529A42D1891D022006C5381 /* dumping.jpg */; };
		5529A4321891D022006C5381 /* graffiti.jpg in Resources */ = {isa = PBXBuildFile; fileRef = 5529A42E1891D022006C5381 /* graffiti.jpg */; };
		5529A4331891D022006C5381 /* pothole.jpg in Resources */ = {isa = PBXBuildFile; fileRef = 5529A42F1891D022006C5381 /* pothole.jpg */; };
		5529A4341891D022006C5381 /* tree.jpg in Resources */ = {isa = PBXBuildFile; fileRef = 5529A4301891D022006C5381 /* tree.jpg */; };
		553055631888ABCA00C57A8E /* CityNews.m in Sources */ = {isa = PBXBuildFile; fileRef = 553055621888ABCA00C57A8E /* CityNews.m */; };
		553055651888BD1A00C57A8E /* libxml2.2.dylib in Frameworks */ = {isa = PBXBuildFile; fileRef = 553055641888BD1A00C57A8E /* libxml2.2.dylib */; };
		5530556D1888BE0400C57A8E /* TFHpple.m in Sources */ = {isa = PBXBuildFile; fileRef = 553055681888BE0400C57A8E /* TFHpple.m */; };
		5530556E1888BE0400C57A8E /* TFHppleElement.m in Sources */ = {isa = PBXBuildFile; fileRef = 5530556A1888BE0400C57A8E /* TFHppleElement.m */; };
		5530556F1888BE0400C57A8E /* XPathQuery.m in Sources */ = {isa = PBXBuildFile; fileRef = 5530556C1888BE0400C57A8E /* XPathQuery.m */; };
		5531075D1899A2E0009960AD /* CityUtility.m in Sources */ = {isa = PBXBuildFile; fileRef = 5531075C1899A2E0009960AD /* CityUtility.m */; };
		553107601899A987009960AD /* ReportStatusTableViewController.m in Sources */ = {isa = PBXBuildFile; fileRef = 5531075F1899A987009960AD /* ReportStatusTableViewController.m */; };
		5531910018821B1400827602 /* background.jpg in Resources */ = {isa = PBXBuildFile; fileRef = 553190FF18821B1400827602 /* background.jpg */; };
		5531910218822ACF00827602 /* MapKit.framework in Frameworks */ = {isa = PBXBuildFile; fileRef = 5531910118822ACF00827602 /* MapKit.framework */; };
		55319108188338E200827602 /* startView.xib in Resources */ = {isa = PBXBuildFile; fileRef = 55319107188338E200827602 /* startView.xib */; };
		5547F10C18849E18009CEE09 /* CoreLocation.framework in Frameworks */ = {isa = PBXBuildFile; fileRef = 5547F10B18849E18009CEE09 /* CoreLocation.framework */; };
		557193FF18906EAE00F2AA52 /* PotholeViewController.m in Sources */ = {isa = PBXBuildFile; fileRef = 557193FE18906EAE00F2AA52 /* PotholeViewController.m */; };
		5571940218906F5700F2AA52 /* ParkingMeterViewController.m in Sources */ = {isa = PBXBuildFile; fileRef = 5571940118906F5700F2AA52 /* ParkingMeterViewController.m */; };
		5578A2811889EB9D009640CF /* CityNewsParseHTMLViewController.m in Sources */ = {isa = PBXBuildFile; fileRef = 5578A2801889EB9D009640CF /* CityNewsParseHTMLViewController.m */; };
		5578A285188A043D009640CF /* NewsViewController.m in Sources */ = {isa = PBXBuildFile; fileRef = 5578A284188A043D009640CF /* NewsViewController.m */; };
		559F7ED618A02F5900AB0F86 /* userInfo.xib in Resources */ = {isa = PBXBuildFile; fileRef = 559F7ED518A02F5900AB0F86 /* userInfo.xib */; };
		55B8E6F818945E920000A0E2 /* TreeViewController.m in Sources */ = {isa = PBXBuildFile; fileRef = 55B8E6F718945E920000A0E2 /* TreeViewController.m */; };
		55B8E6FB18946FE50000A0E2 /* SurfaceType.m in Sources */ = {isa = PBXBuildFile; fileRef = 55B8E6FA18946FE50000A0E2 /* SurfaceType.m */; };
		55D5E14E188609FC00C52096 /* DrawOnPhotoViewController.m in Sources */ = {isa = PBXBuildFile; fileRef = 55D5E14D188609FC00C52096 /* DrawOnPhotoViewController.m */; };
		55E25D1B1880B82400ECADCA /* CityFixoryViewController.m in Sources */ = {isa = PBXBuildFile; fileRef = 55E25D1A1880B82400ECADCA /* CityFixoryViewController.m */; };
		55E25D1E1880CD6400ECADCA /* LargerImage.m in Sources */ = {isa = PBXBuildFile; fileRef = 55E25D1D1880CD6400ECADCA /* LargerImage.m */; };
		55E31E311893275C00BB6061 /* ProblemType.m in Sources */ = {isa = PBXBuildFile; fileRef = 55E31E301893275C00BB6061 /* ProblemType.m */; };
		55F8EC49189EE8F600C518EA /* ReportStatusCell.m in Sources */ = {isa = PBXBuildFile; fileRef = 55F8EC48189EE8F600C518EA /* ReportStatusCell.m */; };
/* End PBXBuildFile section */

/* Begin PBXContainerItemProxy section */
		55226519187F7228007A251F /* PBXContainerItemProxy */ = {
			isa = PBXContainerItemProxy;
			containerPortal = 552264E8187F7227007A251F /* Project object */;
			proxyType = 1;
			remoteGlobalIDString = 552264EF187F7227007A251F;
			remoteInfo = "City 311";
		};
/* End PBXContainerItemProxy section */

/* Begin PBXFileReference section */
		550E6E0D188751BE001C5FC0 /* MissedPickupsViewController.h */ = {isa = PBXFileReference; fileEncoding = 4; lastKnownFileType = sourcecode.c.h; path = MissedPickupsViewController.h; sourceTree = "<group>"; };
		550E6E0E188751BF001C5FC0 /* MissedPickupsViewController.m */ = {isa = PBXFileReference; fileEncoding = 4; lastKnownFileType = sourcecode.c.objc; path = MissedPickupsViewController.m; sourceTree = "<group>"; };
		550E6E101887567E001C5FC0 /* GeneralRequestViewController.h */ = {isa = PBXFileReference; fileEncoding = 4; lastKnownFileType = sourcecode.c.h; path = GeneralRequestViewController.h; sourceTree = "<group>"; };
		550E6E111887567E001C5FC0 /* GeneralRequestViewController.m */ = {isa = PBXFileReference; fileEncoding = 4; lastKnownFileType = sourcecode.c.objc; path = GeneralRequestViewController.m; sourceTree = "<group>"; };
		552264F0187F7227007A251F /* City 311.app */ = {isa = PBXFileReference; explicitFileType = wrapper.application; includeInIndex = 0; path = "City 311.app"; sourceTree = BUILT_PRODUCTS_DIR; };
		552264F3187F7227007A251F /* Foundation.framework */ = {isa = PBXFileReference; lastKnownFileType = wrapper.framework; name = Foundation.framework; path = System/Library/Frameworks/Foundation.framework; sourceTree = SDKROOT; };
		552264F5187F7227007A251F /* CoreGraphics.framework */ = {isa = PBXFileReference; lastKnownFileType = wrapper.framework; name = CoreGraphics.framework; path = System/Library/Frameworks/CoreGraphics.framework; sourceTree = SDKROOT; };
		552264F7187F7227007A251F /* UIKit.framework */ = {isa = PBXFileReference; lastKnownFileType = wrapper.framework; name = UIKit.framework; path = System/Library/Frameworks/UIKit.framework; sourceTree = SDKROOT; };
		552264FB187F7227007A251F /* City 311-Info.plist */ = {isa = PBXFileReference; lastKnownFileType = text.plist.xml; path = "City 311-Info.plist"; sourceTree = "<group>"; };
		552264FD187F7227007A251F /* en */ = {isa = PBXFileReference; lastKnownFileType = text.plist.strings; name = en; path = en.lproj/InfoPlist.strings; sourceTree = "<group>"; };
		552264FF187F7227007A251F /* main.m */ = {isa = PBXFileReference; lastKnownFileType = sourcecode.c.objc; path = main.m; sourceTree = "<group>"; };
		55226501187F7227007A251F /* City 311-Prefix.pch */ = {isa = PBXFileReference; lastKnownFileType = sourcecode.c.h; path = "City 311-Prefix.pch"; sourceTree = "<group>"; };
		55226502187F7227007A251F /* CityAppDelegate.h */ = {isa = PBXFileReference; lastKnownFileType = sourcecode.c.h; path = CityAppDelegate.h; sourceTree = "<group>"; };
		55226503187F7227007A251F /* CityAppDelegate.m */ = {isa = PBXFileReference; lastKnownFileType = sourcecode.c.objc; path = CityAppDelegate.m; sourceTree = "<group>"; };
		55226506187F7227007A251F /* Base */ = {isa = PBXFileReference; lastKnownFileType = file.storyboard; name = Base; path = Base.lproj/Main.storyboard; sourceTree = "<group>"; };
		55226508187F7227007A251F /* CityFirstViewController.h */ = {isa = PBXFileReference; lastKnownFileType = sourcecode.c.h; path = CityFirstViewController.h; sourceTree = "<group>"; };
		55226509187F7227007A251F /* CityFirstViewController.m */ = {isa = PBXFileReference; lastKnownFileType = sourcecode.c.objc; path = CityFirstViewController.m; sourceTree = "<group>"; };
		5522650E187F7227007A251F /* Images.xcassets */ = {isa = PBXFileReference; lastKnownFileType = folder.assetcatalog; path = Images.xcassets; sourceTree = "<group>"; };
		55226514187F7228007A251F /* City 311Tests.xctest */ = {isa = PBXFileReference; explicitFileType = wrapper.cfbundle; includeInIndex = 0; path = "City 311Tests.xctest"; sourceTree = BUILT_PRODUCTS_DIR; };
		55226515187F7228007A251F /* XCTest.framework */ = {isa = PBXFileReference; lastKnownFileType = wrapper.framework; name = XCTest.framework; path = Library/Frameworks/XCTest.framework; sourceTree = DEVELOPER_DIR; };
		5522651D187F7228007A251F /* City 311Tests-Info.plist */ = {isa = PBXFileReference; lastKnownFileType = text.plist.xml; path = "City 311Tests-Info.plist"; sourceTree = "<group>"; };
		5522651F187F7228007A251F /* en */ = {isa = PBXFileReference; lastKnownFileType = text.plist.strings; name = en; path = en.lproj/InfoPlist.strings; sourceTree = "<group>"; };
		55226521187F7228007A251F /* City_311Tests.m */ = {isa = PBXFileReference; lastKnownFileType = sourcecode.c.objc; path = City_311Tests.m; sourceTree = "<group>"; };
		5522652C187F745F007A251F /* EZ-parking-meter.jpg */ = {isa = PBXFileReference; lastKnownFileType = image.jpeg; path = "EZ-parking-meter.jpg"; sourceTree = "<group>"; };
		5522652D187F745F007A251F /* carnard.jpg */ = {isa = PBXFileReference; lastKnownFileType = image.jpeg; path = carnard.jpg; sourceTree = "<group>"; };
		5522652E187F745F007A251F /* pick-ups.jpg */ = {isa = PBXFileReference; lastKnownFileType = image.jpeg; path = "pick-ups.jpg"; sourceTree = "<group>"; };
		5522652F187F745F007A251F /* parking-meters.jpg */ = {isa = PBXFileReference; lastKnownFileType = image.jpeg; path = "parking-meters.jpg"; sourceTree = "<group>"; };
		5526EA1C18A757AB000610D8 /* UserInfoManager.h */ = {isa = PBXFileReference; fileEncoding = 4; lastKnownFileType = sourcecode.c.h; path = UserInfoManager.h; sourceTree = "<group>"; };
		5526EA1D18A757AB000610D8 /* UserInfoManager.m */ = {isa = PBXFileReference; fileEncoding = 4; lastKnownFileType = sourcecode.c.objc; path = UserInfoManager.m; sourceTree = "<group>"; };
		5529A42D1891D022006C5381 /* dumping.jpg */ = {isa = PBXFileReference; lastKnownFileType = image.jpeg; path = dumping.jpg; sourceTree = "<group>"; };
		5529A42E1891D022006C5381 /* graffiti.jpg */ = {isa = PBXFileReference; lastKnownFileType = image.jpeg; path = graffiti.jpg; sourceTree = "<group>"; };
		5529A42F1891D022006C5381 /* pothole.jpg */ = {isa = PBXFileReference; lastKnownFileType = image.jpeg; path = pothole.jpg; sourceTree = "<group>"; };
		5529A4301891D022006C5381 /* tree.jpg */ = {isa = PBXFileReference; lastKnownFileType = image.jpeg; path = tree.jpg; sourceTree = "<group>"; };
		553055611888ABCA00C57A8E /* CityNews.h */ = {isa = PBXFileReference; fileEncoding = 4; lastKnownFileType = sourcecode.c.h; path = CityNews.h; sourceTree = "<group>"; };
		553055621888ABCA00C57A8E /* CityNews.m */ = {isa = PBXFileReference; fileEncoding = 4; lastKnownFileType = sourcecode.c.objc; path = CityNews.m; sourceTree = "<group>"; };
		553055641888BD1A00C57A8E /* libxml2.2.dylib */ = {isa = PBXFileReference; lastKnownFileType = "compiled.mach-o.dylib"; name = libxml2.2.dylib; path = usr/lib/libxml2.2.dylib; sourceTree = SDKROOT; };
		553055671888BE0400C57A8E /* TFHpple.h */ = {isa = PBXFileReference; fileEncoding = 4; lastKnownFileType = sourcecode.c.h; path = TFHpple.h; sourceTree = "<group>"; };
		553055681888BE0400C57A8E /* TFHpple.m */ = {isa = PBXFileReference; fileEncoding = 4; lastKnownFileType = sourcecode.c.objc; path = TFHpple.m; sourceTree = "<group>"; };
		553055691888BE0400C57A8E /* TFHppleElement.h */ = {isa = PBXFileReference; fileEncoding = 4; lastKnownFileType = sourcecode.c.h; path = TFHppleElement.h; sourceTree = "<group>"; };
		5530556A1888BE0400C57A8E /* TFHppleElement.m */ = {isa = PBXFileReference; fileEncoding = 4; lastKnownFileType = sourcecode.c.objc; path = TFHppleElement.m; sourceTree = "<group>"; };
		5530556B1888BE0400C57A8E /* XPathQuery.h */ = {isa = PBXFileReference; fileEncoding = 4; lastKnownFileType = sourcecode.c.h; path = XPathQuery.h; sourceTree = "<group>"; };
		5530556C1888BE0400C57A8E /* XPathQuery.m */ = {isa = PBXFileReference; fileEncoding = 4; lastKnownFileType = sourcecode.c.objc; path = XPathQuery.m; sourceTree = "<group>"; };
		5531075B1899A2E0009960AD /* CityUtility.h */ = {isa = PBXFileReference; fileEncoding = 4; lastKnownFileType = sourcecode.c.h; path = CityUtility.h; sourceTree = "<group>"; };
		5531075C1899A2E0009960AD /* CityUtility.m */ = {isa = PBXFileReference; fileEncoding = 4; lastKnownFileType = sourcecode.c.objc; path = CityUtility.m; sourceTree = "<group>"; };
		5531075E1899A987009960AD /* ReportStatusTableViewController.h */ = {isa = PBXFileReference; fileEncoding = 4; lastKnownFileType = sourcecode.c.h; path = ReportStatusTableViewController.h; sourceTree = "<group>"; };
		5531075F1899A987009960AD /* ReportStatusTableViewController.m */ = {isa = PBXFileReference; fileEncoding = 4; lastKnownFileType = sourcecode.c.objc; path = ReportStatusTableViewController.m; sourceTree = "<group>"; };
		553190FF18821B1400827602 /* background.jpg */ = {isa = PBXFileReference; lastKnownFileType = image.jpeg; path = background.jpg; sourceTree = "<group>"; };
		5531910118822ACF00827602 /* MapKit.framework */ = {isa = PBXFileReference; lastKnownFileType = wrapper.framework; name = MapKit.framework; path = System/Library/Frameworks/MapKit.framework; sourceTree = SDKROOT; };
		55319107188338E200827602 /* startView.xib */ = {isa = PBXFileReference; fileEncoding = 4; lastKnownFileType = file.xib; path = startView.xib; sourceTree = "<group>"; };
		5547F10B18849E18009CEE09 /* CoreLocation.framework */ = {isa = PBXFileReference; lastKnownFileType = wrapper.framework; name = CoreLocation.framework; path = System/Library/Frameworks/CoreLocation.framework; sourceTree = SDKROOT; };
		557193FD18906EAE00F2AA52 /* PotholeViewController.h */ = {isa = PBXFileReference; fileEncoding = 4; lastKnownFileType = sourcecode.c.h; path = PotholeViewController.h; sourceTree = "<group>"; };
		557193FE18906EAE00F2AA52 /* PotholeViewController.m */ = {isa = PBXFileReference; fileEncoding = 4; lastKnownFileType = sourcecode.c.objc; path = PotholeViewController.m; sourceTree = "<group>"; };
		5571940018906F5700F2AA52 /* ParkingMeterViewController.h */ = {isa = PBXFileReference; fileEncoding = 4; lastKnownFileType = sourcecode.c.h; path = ParkingMeterViewController.h; sourceTree = "<group>"; };
		5571940118906F5700F2AA52 /* ParkingMeterViewController.m */ = {isa = PBXFileReference; fileEncoding = 4; lastKnownFileType = sourcecode.c.objc; path = ParkingMeterViewController.m; sourceTree = "<group>"; };
		5578A27F1889EB9D009640CF /* CityNewsParseHTMLViewController.h */ = {isa = PBXFileReference; fileEncoding = 4; lastKnownFileType = sourcecode.c.h; path = CityNewsParseHTMLViewController.h; sourceTree = "<group>"; };
		5578A2801889EB9D009640CF /* CityNewsParseHTMLViewController.m */ = {isa = PBXFileReference; fileEncoding = 4; lastKnownFileType = sourcecode.c.objc; path = CityNewsParseHTMLViewController.m; sourceTree = "<group>"; };
		5578A283188A043D009640CF /* NewsViewController.h */ = {isa = PBXFileReference; fileEncoding = 4; lastKnownFileType = sourcecode.c.h; path = NewsViewController.h; sourceTree = "<group>"; };
		5578A284188A043D009640CF /* NewsViewController.m */ = {isa = PBXFileReference; fileEncoding = 4; lastKnownFileType = sourcecode.c.objc; path = NewsViewController.m; sourceTree = "<group>"; };
		559F7ED518A02F5900AB0F86 /* userInfo.xib */ = {isa = PBXFileReference; fileEncoding = 4; lastKnownFileType = file.xib; path = userInfo.xib; sourceTree = "<group>"; };
		55B8E6F618945E920000A0E2 /* TreeViewController.h */ = {isa = PBXFileReference; fileEncoding = 4; lastKnownFileType = sourcecode.c.h; path = TreeViewController.h; sourceTree = "<group>"; };
		55B8E6F718945E920000A0E2 /* TreeViewController.m */ = {isa = PBXFileReference; fileEncoding = 4; lastKnownFileType = sourcecode.c.objc; path = TreeViewController.m; sourceTree = "<group>"; };
		55B8E6F918946FE50000A0E2 /* SurfaceType.h */ = {isa = PBXFileReference; fileEncoding = 4; lastKnownFileType = sourcecode.c.h; path = SurfaceType.h; sourceTree = "<group>"; };
		55B8E6FA18946FE50000A0E2 /* SurfaceType.m */ = {isa = PBXFileReference; fileEncoding = 4; lastKnownFileType = sourcecode.c.objc; path = SurfaceType.m; sourceTree = "<group>"; };
		55D5E14C188609FC00C52096 /* DrawOnPhotoViewController.h */ = {isa = PBXFileReference; fileEncoding = 4; lastKnownFileType = sourcecode.c.h; path = DrawOnPhotoViewController.h; sourceTree = "<group>"; };
		55D5E14D188609FC00C52096 /* DrawOnPhotoViewController.m */ = {isa = PBXFileReference; fileEncoding = 4; lastKnownFileType = sourcecode.c.objc; path = DrawOnPhotoViewController.m; sourceTree = "<group>"; };
		55E25D191880B82400ECADCA /* CityFixoryViewController.h */ = {isa = PBXFileReference; fileEncoding = 4; lastKnownFileType = sourcecode.c.h; path = CityFixoryViewController.h; sourceTree = "<group>"; };
		55E25D1A1880B82400ECADCA /* CityFixoryViewController.m */ = {isa = PBXFileReference; fileEncoding = 4; lastKnownFileType = sourcecode.c.objc; path = CityFixoryViewController.m; sourceTree = "<group>"; };
		55E25D1C1880CD6400ECADCA /* LargerImage.h */ = {isa = PBXFileReference; fileEncoding = 4; lastKnownFileType = sourcecode.c.h; path = LargerImage.h; sourceTree = "<group>"; };
		55E25D1D1880CD6400ECADCA /* LargerImage.m */ = {isa = PBXFileReference; fileEncoding = 4; lastKnownFileType = sourcecode.c.objc; path = LargerImage.m; sourceTree = "<group>"; };
		55E31E2F1893275C00BB6061 /* ProblemType.h */ = {isa = PBXFileReference; fileEncoding = 4; lastKnownFileType = sourcecode.c.h; path = ProblemType.h; sourceTree = "<group>"; };
		55E31E301893275C00BB6061 /* ProblemType.m */ = {isa = PBXFileReference; fileEncoding = 4; lastKnownFileType = sourcecode.c.objc; path = ProblemType.m; sourceTree = "<group>"; };
		55F8EC47189EE8F600C518EA /* ReportStatusCell.h */ = {isa = PBXFileReference; fileEncoding = 4; lastKnownFileType = sourcecode.c.h; path = ReportStatusCell.h; sourceTree = "<group>"; };
		55F8EC48189EE8F600C518EA /* ReportStatusCell.m */ = {isa = PBXFileReference; fileEncoding = 4; lastKnownFileType = sourcecode.c.objc; path = ReportStatusCell.m; sourceTree = "<group>"; };
/* End PBXFileReference section */

/* Begin PBXFrameworksBuildPhase section */
		552264ED187F7227007A251F /* Frameworks */ = {
			isa = PBXFrameworksBuildPhase;
			buildActionMask = 2147483647;
			files = (
				553055651888BD1A00C57A8E /* libxml2.2.dylib in Frameworks */,
				5547F10C18849E18009CEE09 /* CoreLocation.framework in Frameworks */,
				5531910218822ACF00827602 /* MapKit.framework in Frameworks */,
				552264F6187F7227007A251F /* CoreGraphics.framework in Frameworks */,
				552264F8187F7227007A251F /* UIKit.framework in Frameworks */,
				552264F4187F7227007A251F /* Foundation.framework in Frameworks */,
			);
			runOnlyForDeploymentPostprocessing = 0;
		};
		55226511187F7228007A251F /* Frameworks */ = {
			isa = PBXFrameworksBuildPhase;
			buildActionMask = 2147483647;
			files = (
				55226516187F7228007A251F /* XCTest.framework in Frameworks */,
				55226518187F7228007A251F /* UIKit.framework in Frameworks */,
				55226517187F7228007A251F /* Foundation.framework in Frameworks */,
			);
			runOnlyForDeploymentPostprocessing = 0;
		};
/* End PBXFrameworksBuildPhase section */

/* Begin PBXGroup section */
		552264E7187F7227007A251F = {
			isa = PBXGroup;
			children = (
				552264F9187F7227007A251F /* City 311 */,
				5522651B187F7228007A251F /* City 311Tests */,
				552264F2187F7227007A251F /* Frameworks */,
				552264F1187F7227007A251F /* Products */,
			);
			sourceTree = "<group>";
		};
		552264F1187F7227007A251F /* Products */ = {
			isa = PBXGroup;
			children = (
				552264F0187F7227007A251F /* City 311.app */,
				55226514187F7228007A251F /* City 311Tests.xctest */,
			);
			name = Products;
			sourceTree = "<group>";
		};
		552264F2187F7227007A251F /* Frameworks */ = {
			isa = PBXGroup;
			children = (
				553055641888BD1A00C57A8E /* libxml2.2.dylib */,
				5547F10B18849E18009CEE09 /* CoreLocation.framework */,
				5531910118822ACF00827602 /* MapKit.framework */,
				552264F3187F7227007A251F /* Foundation.framework */,
				552264F5187F7227007A251F /* CoreGraphics.framework */,
				552264F7187F7227007A251F /* UIKit.framework */,
				55226515187F7228007A251F /* XCTest.framework */,
			);
			name = Frameworks;
			sourceTree = "<group>";
		};
		552264F9187F7227007A251F /* City 311 */ = {
			isa = PBXGroup;
			children = (
				553055661888BDC900C57A8E /* hpple */,
				5522652B187F7406007A251F /* Resource */,
				5578A2821889EE98009640CF /* Model */,
				55226502187F7227007A251F /* CityAppDelegate.h */,
				55226503187F7227007A251F /* CityAppDelegate.m */,
				5578A27F1889EB9D009640CF /* CityNewsParseHTMLViewController.h */,
				5578A2801889EB9D009640CF /* CityNewsParseHTMLViewController.m */,
				55226505187F7227007A251F /* Main.storyboard */,
				5531075E1899A987009960AD /* ReportStatusTableViewController.h */,
				5531075F1899A987009960AD /* ReportStatusTableViewController.m */,
				55226508187F7227007A251F /* CityFirstViewController.h */,
				55226509187F7227007A251F /* CityFirstViewController.m */,
				55E25D191880B82400ECADCA /* CityFixoryViewController.h */,
				55E25D1A1880B82400ECADCA /* CityFixoryViewController.m */,
				55D5E14C188609FC00C52096 /* DrawOnPhotoViewController.h */,
				55D5E14D188609FC00C52096 /* DrawOnPhotoViewController.m */,
				550E6E0D188751BE001C5FC0 /* MissedPickupsViewController.h */,
				550E6E0E188751BF001C5FC0 /* MissedPickupsViewController.m */,
				550E6E101887567E001C5FC0 /* GeneralRequestViewController.h */,
				550E6E111887567E001C5FC0 /* GeneralRequestViewController.m */,
				5578A283188A043D009640CF /* NewsViewController.h */,
				5578A284188A043D009640CF /* NewsViewController.m */,
				557193FD18906EAE00F2AA52 /* PotholeViewController.h */,
				557193FE18906EAE00F2AA52 /* PotholeViewController.m */,
				5571940018906F5700F2AA52 /* ParkingMeterViewController.h */,
				5571940118906F5700F2AA52 /* ParkingMeterViewController.m */,
				55E31E2F1893275C00BB6061 /* ProblemType.h */,
				55E31E301893275C00BB6061 /* ProblemType.m */,
				55B8E6F618945E920000A0E2 /* TreeViewController.h */,
				55B8E6F718945E920000A0E2 /* TreeViewController.m */,
				55B8E6F918946FE50000A0E2 /* SurfaceType.h */,
				55B8E6FA18946FE50000A0E2 /* SurfaceType.m */,
				5526EA1C18A757AB000610D8 /* UserInfoManager.h */,
				5526EA1D18A757AB000610D8 /* UserInfoManager.m */,
				5531075B1899A2E0009960AD /* CityUtility.h */,
				5531075C1899A2E0009960AD /* CityUtility.m */,
				5522650E187F7227007A251F /* Images.xcassets */,
				552264FA187F7227007A251F /* Supporting Files */,
			);
			path = "City 311";
			sourceTree = "<group>";
		};
		552264FA187F7227007A251F /* Supporting Files */ = {
			isa = PBXGroup;
			children = (
				552264FB187F7227007A251F /* City 311-Info.plist */,
				552264FC187F7227007A251F /* InfoPlist.strings */,
				552264FF187F7227007A251F /* main.m */,
				55226501187F7227007A251F /* City 311-Prefix.pch */,
			);
			name = "Supporting Files";
			sourceTree = "<group>";
		};
		5522651B187F7228007A251F /* City 311Tests */ = {
			isa = PBXGroup;
			children = (
				55226521187F7228007A251F /* City_311Tests.m */,
				5522651C187F7228007A251F /* Supporting Files */,
			);
			path = "City 311Tests";
			sourceTree = "<group>";
		};
		5522651C187F7228007A251F /* Supporting Files */ = {
			isa = PBXGroup;
			children = (
				5522651D187F7228007A251F /* City 311Tests-Info.plist */,
				5522651E187F7228007A251F /* InfoPlist.strings */,
			);
			name = "Supporting Files";
			sourceTree = "<group>";
		};
		5522652B187F7406007A251F /* Resource */ = {
			isa = PBXGroup;
			children = (
				5529A42D1891D022006C5381 /* dumping.jpg */,
				5529A42E1891D022006C5381 /* graffiti.jpg */,
				5529A42F1891D022006C5381 /* pothole.jpg */,
				5529A4301891D022006C5381 /* tree.jpg */,
				55319107188338E200827602 /* startView.xib */,
				553190FF18821B1400827602 /* background.jpg */,
				5522652C187F745F007A251F /* EZ-parking-meter.jpg */,
				5522652D187F745F007A251F /* carnard.jpg */,
				5522652E187F745F007A251F /* pick-ups.jpg */,
				5522652F187F745F007A251F /* parking-meters.jpg */,
				559F7ED518A02F5900AB0F86 /* userInfo.xib */,
			);
			name = Resource;
			sourceTree = "<group>";
		};
		553055661888BDC900C57A8E /* hpple */ = {
			isa = PBXGroup;
			children = (
				553055671888BE0400C57A8E /* TFHpple.h */,
				553055681888BE0400C57A8E /* TFHpple.m */,
				553055691888BE0400C57A8E /* TFHppleElement.h */,
				5530556A1888BE0400C57A8E /* TFHppleElement.m */,
				5530556B1888BE0400C57A8E /* XPathQuery.h */,
				5530556C1888BE0400C57A8E /* XPathQuery.m */,
			);
			name = hpple;
			sourceTree = "<group>";
		};
		5578A2821889EE98009640CF /* Model */ = {
			isa = PBXGroup;
			children = (
				553055611888ABCA00C57A8E /* CityNews.h */,
				553055621888ABCA00C57A8E /* CityNews.m */,
				55E25D1C1880CD6400ECADCA /* LargerImage.h */,
				55E25D1D1880CD6400ECADCA /* LargerImage.m */,
				55F8EC47189EE8F600C518EA /* ReportStatusCell.h */,
				55F8EC48189EE8F600C518EA /* ReportStatusCell.m */,
			);
			name = Model;
			sourceTree = "<group>";
		};
/* End PBXGroup section */

/* Begin PBXNativeTarget section */
		552264EF187F7227007A251F /* City 311 */ = {
			isa = PBXNativeTarget;
			buildConfigurationList = 55226525187F7228007A251F /* Build configuration list for PBXNativeTarget "City 311" */;
			buildPhases = (
				552264EC187F7227007A251F /* Sources */,
				552264ED187F7227007A251F /* Frameworks */,
				552264EE187F7227007A251F /* Resources */,
			);
			buildRules = (
			);
			dependencies = (
			);
			name = "City 311";
			productName = "City 311";
			productReference = 552264F0187F7227007A251F /* City 311.app */;
			productType = "com.apple.product-type.application";
		};
		55226513187F7228007A251F /* City 311Tests */ = {
			isa = PBXNativeTarget;
			buildConfigurationList = 55226528187F7228007A251F /* Build configuration list for PBXNativeTarget "City 311Tests" */;
			buildPhases = (
				55226510187F7228007A251F /* Sources */,
				55226511187F7228007A251F /* Frameworks */,
				55226512187F7228007A251F /* Resources */,
			);
			buildRules = (
			);
			dependencies = (
				5522651A187F7228007A251F /* PBXTargetDependency */,
			);
			name = "City 311Tests";
			productName = "City 311Tests";
			productReference = 55226514187F7228007A251F /* City 311Tests.xctest */;
			productType = "com.apple.product-type.bundle.unit-test";
		};
/* End PBXNativeTarget section */

/* Begin PBXProject section */
		552264E8187F7227007A251F /* Project object */ = {
			isa = PBXProject;
			attributes = {
				CLASSPREFIX = City;
				LastUpgradeCheck = 0510;
				ORGANIZATIONNAME = "Kelly Kahuna Imagery";
				TargetAttributes = {
					55226513187F7228007A251F = {
						TestTargetID = 552264EF187F7227007A251F;
					};
				};
			};
			buildConfigurationList = 552264EB187F7227007A251F /* Build configuration list for PBXProject "City 311" */;
			compatibilityVersion = "Xcode 3.2";
			developmentRegion = English;
			hasScannedForEncodings = 0;
			knownRegions = (
				en,
				Base,
			);
			mainGroup = 552264E7187F7227007A251F;
			productRefGroup = 552264F1187F7227007A251F /* Products */;
			projectDirPath = "";
			projectRoot = "";
			targets = (
				552264EF187F7227007A251F /* City 311 */,
				55226513187F7228007A251F /* City 311Tests */,
			);
		};
/* End PBXProject section */

/* Begin PBXResourcesBuildPhase section */
		552264EE187F7227007A251F /* Resources */ = {
			isa = PBXResourcesBuildPhase;
			buildActionMask = 2147483647;
			files = (
				5522650F187F7227007A251F /* Images.xcassets in Resources */,
				55226532187F745F007A251F /* pick-ups.jpg in Resources */,
				5529A4311891D022006C5381 /* dumping.jpg in Resources */,
				55226530187F745F007A251F /* EZ-parking-meter.jpg in Resources */,
				55226531187F745F007A251F /* carnard.jpg in Resources */,
				552264FE187F7227007A251F /* InfoPlist.strings in Resources */,
				5531910018821B1400827602 /* background.jpg in Resources */,
				55226533187F745F007A251F /* parking-meters.jpg in Resources */,
				5529A4341891D022006C5381 /* tree.jpg in Resources */,
				55319108188338E200827602 /* startView.xib in Resources */,
				5529A4331891D022006C5381 /* pothole.jpg in Resources */,
				5529A4321891D022006C5381 /* graffiti.jpg in Resources */,
				559F7ED618A02F5900AB0F86 /* userInfo.xib in Resources */,
				55226507187F7227007A251F /* Main.storyboard in Resources */,
			);
			runOnlyForDeploymentPostprocessing = 0;
		};
		55226512187F7228007A251F /* Resources */ = {
			isa = PBXResourcesBuildPhase;
			buildActionMask = 2147483647;
			files = (
				55226520187F7228007A251F /* InfoPlist.strings in Resources */,
			);
			runOnlyForDeploymentPostprocessing = 0;
		};
/* End PBXResourcesBuildPhase section */

/* Begin PBXSourcesBuildPhase section */
		552264EC187F7227007A251F /* Sources */ = {
			isa = PBXSourcesBuildPhase;
			buildActionMask = 2147483647;
			files = (
				5531075D1899A2E0009960AD /* CityUtility.m in Sources */,
				55E31E311893275C00BB6061 /* ProblemType.m in Sources */,
				5530556E1888BE0400C57A8E /* TFHppleElement.m in Sources */,
				553055631888ABCA00C57A8E /* CityNews.m in Sources */,
				5578A2811889EB9D009640CF /* CityNewsParseHTMLViewController.m in Sources */,
				55E25D1B1880B82400ECADCA /* CityFixoryViewController.m in Sources */,
				55D5E14E188609FC00C52096 /* DrawOnPhotoViewController.m in Sources */,
				550E6E121887567E001C5FC0 /* GeneralRequestViewController.m in Sources */,
				550E6E0F188751BF001C5FC0 /* MissedPickupsViewController.m in Sources */,
				55226500187F7227007A251F /* main.m in Sources */,
				5526EA1E18A757AB000610D8 /* UserInfoManager.m in Sources */,
				553107601899A987009960AD /* ReportStatusTableViewController.m in Sources */,
				5530556F1888BE0400C57A8E /* XPathQuery.m in Sources */,
				55E25D1E1880CD6400ECADCA /* LargerImage.m in Sources */,
				55F8EC49189EE8F600C518EA /* ReportStatusCell.m in Sources */,
				55226504187F7227007A251F /* CityAppDelegate.m in Sources */,
				5530556D1888BE0400C57A8E /* TFHpple.m in Sources */,
				5522650A187F7227007A251F /* CityFirstViewController.m in Sources */,
				55B8E6F818945E920000A0E2 /* TreeViewController.m in Sources */,
				557193FF18906EAE00F2AA52 /* PotholeViewController.m in Sources */,
				5578A285188A043D009640CF /* NewsViewController.m in Sources */,
				5571940218906F5700F2AA52 /* ParkingMeterViewController.m in Sources */,
				55B8E6FB18946FE50000A0E2 /* SurfaceType.m in Sources */,
			);
			runOnlyForDeploymentPostprocessing = 0;
		};
		55226510187F7228007A251F /* Sources */ = {
			isa = PBXSourcesBuildPhase;
			buildActionMask = 2147483647;
			files = (
				55226522187F7228007A251F /* City_311Tests.m in Sources */,
			);
			runOnlyForDeploymentPostprocessing = 0;
		};
/* End PBXSourcesBuildPhase section */

/* Begin PBXTargetDependency section */
		5522651A187F7228007A251F /* PBXTargetDependency */ = {
			isa = PBXTargetDependency;
			target = 552264EF187F7227007A251F /* City 311 */;
			targetProxy = 55226519187F7228007A251F /* PBXContainerItemProxy */;
		};
/* End PBXTargetDependency section */

/* Begin PBXVariantGroup section */
		552264FC187F7227007A251F /* InfoPlist.strings */ = {
			isa = PBXVariantGroup;
			children = (
				552264FD187F7227007A251F /* en */,
			);
			name = InfoPlist.strings;
			sourceTree = "<group>";
		};
		55226505187F7227007A251F /* Main.storyboard */ = {
			isa = PBXVariantGroup;
			children = (
				55226506187F7227007A251F /* Base */,
			);
			name = Main.storyboard;
			sourceTree = "<group>";
		};
		5522651E187F7228007A251F /* InfoPlist.strings */ = {
			isa = PBXVariantGroup;
			children = (
				5522651F187F7228007A251F /* en */,
			);
			name = InfoPlist.strings;
			sourceTree = "<group>";
		};
/* End PBXVariantGroup section */

/* Begin XCBuildConfiguration section */
		55226523187F7228007A251F /* Debug */ = {
			isa = XCBuildConfiguration;
			buildSettings = {
				ALWAYS_SEARCH_USER_PATHS = NO;
				ARCHS = "$(ARCHS_STANDARD_INCLUDING_64_BIT)";
				CLANG_CXX_LANGUAGE_STANDARD = "gnu++0x";
				CLANG_CXX_LIBRARY = "libc++";
				CLANG_ENABLE_MODULES = YES;
				CLANG_ENABLE_OBJC_ARC = YES;
				CLANG_WARN_BOOL_CONVERSION = YES;
				CLANG_WARN_CONSTANT_CONVERSION = YES;
				CLANG_WARN_DIRECT_OBJC_ISA_USAGE = YES_ERROR;
				CLANG_WARN_EMPTY_BODY = YES;
				CLANG_WARN_ENUM_CONVERSION = YES;
				CLANG_WARN_INT_CONVERSION = YES;
				CLANG_WARN_OBJC_ROOT_CLASS = YES_ERROR;
				CLANG_WARN__DUPLICATE_METHOD_MATCH = YES;
				"CODE_SIGN_IDENTITY[sdk=iphoneos*]" = "iPhone Developer: Qian Wang (VL24LEA64X)";
				COPY_PHASE_STRIP = NO;
				GCC_C_LANGUAGE_STANDARD = gnu99;
				GCC_DYNAMIC_NO_PIC = NO;
				GCC_OPTIMIZATION_LEVEL = 0;
				GCC_PREPROCESSOR_DEFINITIONS = (
					"DEBUG=1",
					"$(inherited)",
				);
				GCC_SYMBOLS_PRIVATE_EXTERN = NO;
				GCC_WARN_64_TO_32_BIT_CONVERSION = YES;
				GCC_WARN_ABOUT_RETURN_TYPE = YES_ERROR;
				GCC_WARN_UNDECLARED_SELECTOR = YES;
				GCC_WARN_UNINITIALIZED_AUTOS = YES_AGGRESSIVE;
				GCC_WARN_UNUSED_FUNCTION = YES;
				GCC_WARN_UNUSED_VARIABLE = YES;
				HEADER_SEARCH_PATHS = (
					"$(inherited)",
					"/Applications/Xcode51-DP.app/Contents/Developer/Toolchains/XcodeDefault.xctoolchain/usr/include",
					"$(SDKROOT)/usr/include/libxml2",
				);
				IPHONEOS_DEPLOYMENT_TARGET = 7.0;
				ONLY_ACTIVE_ARCH = YES;
				SDKROOT = iphoneos;
			};
			name = Debug;
		};
		55226524187F7228007A251F /* Release */ = {
			isa = XCBuildConfiguration;
			buildSettings = {
				ALWAYS_SEARCH_USER_PATHS = NO;
				ARCHS = "$(ARCHS_STANDARD_INCLUDING_64_BIT)";
				CLANG_CXX_LANGUAGE_STANDARD = "gnu++0x";
				CLANG_CXX_LIBRARY = "libc++";
				CLANG_ENABLE_MODULES = YES;
				CLANG_ENABLE_OBJC_ARC = YES;
				CLANG_WARN_BOOL_CONVERSION = YES;
				CLANG_WARN_CONSTANT_CONVERSION = YES;
				CLANG_WARN_DIRECT_OBJC_ISA_USAGE = YES_ERROR;
				CLANG_WARN_EMPTY_BODY = YES;
				CLANG_WARN_ENUM_CONVERSION = YES;
				CLANG_WARN_INT_CONVERSION = YES;
				CLANG_WARN_OBJC_ROOT_CLASS = YES_ERROR;
				CLANG_WARN__DUPLICATE_METHOD_MATCH = YES;
				"CODE_SIGN_IDENTITY[sdk=iphoneos*]" = "iPhone Distribution: Qian Wang (R39YCKF93R)";
				COPY_PHASE_STRIP = YES;
				ENABLE_NS_ASSERTIONS = NO;
				GCC_C_LANGUAGE_STANDARD = gnu99;
				GCC_WARN_64_TO_32_BIT_CONVERSION = YES;
				GCC_WARN_ABOUT_RETURN_TYPE = YES_ERROR;
				GCC_WARN_UNDECLARED_SELECTOR = YES;
				GCC_WARN_UNINITIALIZED_AUTOS = YES_AGGRESSIVE;
				GCC_WARN_UNUSED_FUNCTION = YES;
				GCC_WARN_UNUSED_VARIABLE = YES;
				HEADER_SEARCH_PATHS = (
					"$(inherited)",
					"/Applications/Xcode51-DP.app/Contents/Developer/Toolchains/XcodeDefault.xctoolchain/usr/include",
					"$(SDKROOT)/usr/include/libxml2",
				);
				IPHONEOS_DEPLOYMENT_TARGET = 7.0;
				SDKROOT = iphoneos;
				VALIDATE_PRODUCT = YES;
			};
			name = Release;
		};
		55226526187F7228007A251F /* Debug */ = {
			isa = XCBuildConfiguration;
			buildSettings = {
				ASSETCATALOG_COMPILER_APPICON_NAME = AppIcon;
				ASSETCATALOG_COMPILER_LAUNCHIMAGE_NAME = LaunchImage;
				GCC_PRECOMPILE_PREFIX_HEADER = YES;
				GCC_PREFIX_HEADER = "City 311/City 311-Prefix.pch";
				INFOPLIST_FILE = "City 311/City 311-Info.plist";
				PRODUCT_NAME = "$(TARGET_NAME)";
				SDKROOT = iphoneos;
				WRAPPER_EXTENSION = app;
			};
			name = Debug;
		};
		55226527187F7228007A251F /* Release */ = {
			isa = XCBuildConfiguration;
			buildSettings = {
				ASSETCATALOG_COMPILER_APPICON_NAME = AppIcon;
				ASSETCATALOG_COMPILER_LAUNCHIMAGE_NAME = LaunchImage;
				GCC_PRECOMPILE_PREFIX_HEADER = YES;
				GCC_PREFIX_HEADER = "City 311/City 311-Prefix.pch";
				INFOPLIST_FILE = "City 311/City 311-Info.plist";
				PRODUCT_NAME = "$(TARGET_NAME)";
				SDKROOT = iphoneos;
				WRAPPER_EXTENSION = app;
			};
			name = Release;
		};
		55226529187F7228007A251F /* Debug */ = {
			isa = XCBuildConfiguration;
			buildSettings = {
				ARCHS = "$(ARCHS_STANDARD_INCLUDING_64_BIT)";
				BUNDLE_LOADER = "$(BUILT_PRODUCTS_DIR)/City 311.app/City 311";
				FRAMEWORK_SEARCH_PATHS = (
					"$(SDKROOT)/Developer/Library/Frameworks",
					"$(inherited)",
					"$(DEVELOPER_FRAMEWORKS_DIR)",
				);
				GCC_PRECOMPILE_PREFIX_HEADER = YES;
				GCC_PREFIX_HEADER = "City 311/City 311-Prefix.pch";
				GCC_PREPROCESSOR_DEFINITIONS = (
					"DEBUG=1",
					"$(inherited)",
				);
				INFOPLIST_FILE = "City 311Tests/City 311Tests-Info.plist";
				PRODUCT_NAME = "$(TARGET_NAME)";
				TEST_HOST = "$(BUNDLE_LOADER)";
				WRAPPER_EXTENSION = xctest;
			};
			name = Debug;
		};
		5522652A187F7228007A251F /* Release */ = {
			isa = XCBuildConfiguration;
			buildSettings = {
				ARCHS = "$(ARCHS_STANDARD_INCLUDING_64_BIT)";
				BUNDLE_LOADER = "$(BUILT_PRODUCTS_DIR)/City 311.app/City 311";
				FRAMEWORK_SEARCH_PATHS = (
					"$(SDKROOT)/Developer/Library/Frameworks",
					"$(inherited)",
					"$(DEVELOPER_FRAMEWORKS_DIR)",
				);
				GCC_PRECOMPILE_PREFIX_HEADER = YES;
				GCC_PREFIX_HEADER = "City 311/City 311-Prefix.pch";
				INFOPLIST_FILE = "City 311Tests/City 311Tests-Info.plist";
				PRODUCT_NAME = "$(TARGET_NAME)";
				TEST_HOST = "$(BUNDLE_LOADER)";
				WRAPPER_EXTENSION = xctest;
			};
			name = Release;
		};
/* End XCBuildConfiguration section */

/* Begin XCConfigurationList section */
		552264EB187F7227007A251F /* Build configuration list for PBXProject "City 311" */ = {
			isa = XCConfigurationList;
			buildConfigurations = (
				55226523187F7228007A251F /* Debug */,
				55226524187F7228007A251F /* Release */,
			);
			defaultConfigurationIsVisible = 0;
			defaultConfigurationName = Release;
		};
		55226525187F7228007A251F /* Build configuration list for PBXNativeTarget "City 311" */ = {
			isa = XCConfigurationList;
			buildConfigurations = (
				55226526187F7228007A251F /* Debug */,
				55226527187F7228007A251F /* Release */,
			);
			defaultConfigurationIsVisible = 0;
			defaultConfigurationName = Release;
		};
		55226528187F7228007A251F /* Build configuration list for PBXNativeTarget "City 311Tests" */ = {
			isa = XCConfigurationList;
			buildConfigurations = (
				55226529187F7228007A251F /* Debug */,
				5522652A187F7228007A251F /* Release */,
			);
			defaultConfigurationIsVisible = 0;
			defaultConfigurationName = Release;
		};
/* End XCConfigurationList section */
	};
	rootObject = 552264E8187F7227007A251F /* Project object */;
}
